
Microsoft Visual Studio Solution File, Format Version 12.00
# Visual Studio 2012
Project("{2150E333-8FDC-42A3-9474-1A3956D46DE8}") = "apps", "apps", "{BB13E634-AE31-47A9-816D-B1D678022B34}"
EndProject
Project("{FAE04EC0-301F-11D3-BF4B-00C04F79EFBC}") = "Mac45App", "Mac45App\Mac45App.csproj", "{1B69EC14-ACCB-4BA1-9017-A7A8796B54C6}"
EndProject
Project("{FAE04EC0-301F-11D3-BF4B-00C04F79EFBC}") = "MacMobileApp", "MacMobileApp\MacMobileApp.csproj", "{EA350E9D-155F-42CB-8229-6FFDF87315DD}"
EndProject
Project("{2150E333-8FDC-42A3-9474-1A3956D46DE8}") = "libraries", "libraries", "{FCF2418A-7860-49BC-9810-21E4BADCF57F}"
EndProject
Project("{FAE04EC0-301F-11D3-BF4B-00C04F79EFBC}") = "Mac45Library", "Mac45Library\Mac45Library.csproj", "{A11BE7D4-B7BC-41C6-B9A8-859C97A6A6FC}"
EndProject
Project("{FAE04EC0-301F-11D3-BF4B-00C04F79EFBC}") = "Net45Library", "Net45Library\Net45Library.csproj", "{3381E590-67E7-452C-9133-99307049E61D}"
EndProject
Project("{FAE04EC0-301F-11D3-BF4B-00C04F79EFBC}") = "MacMobileLibrary", "MacMobileLibrary\MacMobileLibrary.csproj", "{AF4E9842-EBF0-4FE4-B784-3F7DA53F525B}"
EndProject
Global
	GlobalSection(SolutionConfigurationPlatforms) = preSolution
		Debug|Any CPU = Debug|Any CPU
		Release|Any CPU = Release|Any CPU
	EndGlobalSection
	GlobalSection(ProjectConfigurationPlatforms) = postSolution
		{1B69EC14-ACCB-4BA1-9017-A7A8796B54C6}.Debug|Any CPU.ActiveCfg = Debug|Any CPU
		{1B69EC14-ACCB-4BA1-9017-A7A8796B54C6}.Debug|Any CPU.Build.0 = Debug|Any CPU
		{1B69EC14-ACCB-4BA1-9017-A7A8796B54C6}.Release|Any CPU.ActiveCfg = Release|Any CPU
		{1B69EC14-ACCB-4BA1-9017-A7A8796B54C6}.Release|Any CPU.Build.0 = Release|Any CPU
		{3381E590-67E7-452C-9133-99307049E61D}.Debug|Any CPU.ActiveCfg = Debug|Any CPU
		{3381E590-67E7-452C-9133-99307049E61D}.Debug|Any CPU.Build.0 = Debug|Any CPU
		{3381E590-67E7-452C-9133-99307049E61D}.Release|Any CPU.ActiveCfg = Release|Any CPU
		{3381E590-67E7-452C-9133-99307049E61D}.Release|Any CPU.Build.0 = Release|Any CPU
		{A11BE7D4-B7BC-41C6-B9A8-859C97A6A6FC}.Debug|Any CPU.ActiveCfg = Debug|Any CPU
		{A11BE7D4-B7BC-41C6-B9A8-859C97A6A6FC}.Debug|Any CPU.Build.0 = Debug|Any CPU
		{A11BE7D4-B7BC-41C6-B9A8-859C97A6A6FC}.Release|Any CPU.ActiveCfg = Release|Any CPU
		{A11BE7D4-B7BC-41C6-B9A8-859C97A6A6FC}.Release|Any CPU.Build.0 = Release|Any CPU
		{AF4E9842-EBF0-4FE4-B784-3F7DA53F525B}.Debug|Any CPU.ActiveCfg = Debug|Any CPU
		{AF4E9842-EBF0-4FE4-B784-3F7DA53F525B}.Debug|Any CPU.Build.0 = Debug|Any CPU
		{AF4E9842-EBF0-4FE4-B784-3F7DA53F525B}.Release|Any CPU.ActiveCfg = Release|Any CPU
		{AF4E9842-EBF0-4FE4-B784-3F7DA53F525B}.Release|Any CPU.Build.0 = Release|Any CPU
		{EA350E9D-155F-42CB-8229-6FFDF87315DD}.Debug|Any CPU.ActiveCfg = Debug|Any CPU
		{EA350E9D-155F-42CB-8229-6FFDF87315DD}.Debug|Any CPU.Build.0 = Debug|Any CPU
		{EA350E9D-155F-42CB-8229-6FFDF87315DD}.Release|Any CPU.ActiveCfg = Release|Any CPU
		{EA350E9D-155F-42CB-8229-6FFDF87315DD}.Release|Any CPU.Build.0 = Release|Any CPU
	EndGlobalSection
	GlobalSection(NestedProjects) = preSolution
		{1B69EC14-ACCB-4BA1-9017-A7A8796B54C6} = {BB13E634-AE31-47A9-816D-B1D678022B34}
		{EA350E9D-155F-42CB-8229-6FFDF87315DD} = {BB13E634-AE31-47A9-816D-B1D678022B34}
		{A11BE7D4-B7BC-41C6-B9A8-859C97A6A6FC} = {FCF2418A-7860-49BC-9810-21E4BADCF57F}
		{3381E590-67E7-452C-9133-99307049E61D} = {FCF2418A-7860-49BC-9810-21E4BADCF57F}
		{AF4E9842-EBF0-4FE4-B784-3F7DA53F525B} = {FCF2418A-7860-49BC-9810-21E4BADCF57F}
	EndGlobalSection
EndGlobal
